
Microsoft Visual Studio Solution File, Format Version 12.00
# Visual Studio Version 17
VisualStudioVersion = 17.5.33627.172
MinimumVisualStudioVersion = 10.0.40219.1
Project("{FAE04EC0-301F-11D3-BF4B-00C04F79EFBC}") = "Strings", "Strings\Strings.csproj", "{A201E2E7-E327-4F6B-B598-BDFC6E0B70E8}"
EndProject
Global
	GlobalSection(SolutionConfigurationPlatforms) = preSolution
		Debug|Any CPU = Debug|Any CPU
		Release|Any CPU = Release|Any CPU
	EndGlobalSection
	GlobalSection(ProjectConfigurationPlatforms) = postSolution
		{A201E2E7-E327-4F6B-B598-BDFC6E0B70E8}.Debug|Any CPU.ActiveCfg = Debug|Any CPU
		{A201E2E7-E327-4F6B-B598-BDFC6E0B70E8}.Debug|Any CPU.Build.0 = Debug|Any CPU
		{A201E2E7-E327-4F6B-B598-BDFC6E0B70E8}.Release|Any CPU.ActiveCfg = Release|Any CPU
		{A201E2E7-E327-4F6B-B598-BDFC6E0B70E8}.Release|Any CPU.Build.0 = Release|Any CPU
	EndGlobalSection
	GlobalSection(SolutionProperties) = preSolution
		HideSolutionNode = FALSE
	EndGlobalSection
	GlobalSection(ExtensibilityGlobals) = postSolution
		SolutionGuid = {507EFBD4-2BEA-4966-B4C9-D152BF13C0D3}
	EndGlobalSection
EndGlobal
