
Microsoft Visual Studio Solution File, Format Version 12.00
# Visual Studio Version 17
VisualStudioVersion = 17.5.33627.172
MinimumVisualStudioVersion = 10.0.40219.1
Project("{FAE04EC0-301F-11D3-BF4B-00C04F79EFBC}") = "Arrays", "Arrays\Arrays.csproj", "{B5959AFC-5E8E-4AD5-AF76-AD71E74B5A7A}"
EndProject
Global
	GlobalSection(SolutionConfigurationPlatforms) = preSolution
		Debug|Any CPU = Debug|Any CPU
		Release|Any CPU = Release|Any CPU
	EndGlobalSection
	GlobalSection(ProjectConfigurationPlatforms) = postSolution
		{B5959AFC-5E8E-4AD5-AF76-AD71E74B5A7A}.Debug|Any CPU.ActiveCfg = Debug|Any CPU
		{B5959AFC-5E8E-4AD5-AF76-AD71E74B5A7A}.Debug|Any CPU.Build.0 = Debug|Any CPU
		{B5959AFC-5E8E-4AD5-AF76-AD71E74B5A7A}.Release|Any CPU.ActiveCfg = Release|Any CPU
		{B5959AFC-5E8E-4AD5-AF76-AD71E74B5A7A}.Release|Any CPU.Build.0 = Release|Any CPU
	EndGlobalSection
	GlobalSection(SolutionProperties) = preSolution
		HideSolutionNode = FALSE
	EndGlobalSection
	GlobalSection(ExtensibilityGlobals) = postSolution
		SolutionGuid = {8E4D00AE-783D-4C5A-8054-4476261481F9}
	EndGlobalSection
EndGlobal
