
Microsoft Visual Studio Solution File, Format Version 12.00
# Visual Studio Version 17
VisualStudioVersion = 17.6.33723.286
MinimumVisualStudioVersion = 10.0.40219.1
Project("{FAE04EC0-301F-11D3-BF4B-00C04F79EFBC}") = "Vidly", "Vidly.csproj", "{BCA9A358-14A2-4BB6-9A13-00B08CD67A3D}"
EndProject
Global
	GlobalSection(SolutionConfigurationPlatforms) = preSolution
		Debug|Any CPU = Debug|Any CPU
		Release|Any CPU = Release|Any CPU
	EndGlobalSection
	GlobalSection(ProjectConfigurationPlatforms) = postSolution
		{BCA9A358-14A2-4BB6-9A13-00B08CD67A3D}.Debug|Any CPU.ActiveCfg = Debug|Any CPU
		{BCA9A358-14A2-4BB6-9A13-00B08CD67A3D}.Debug|Any CPU.Build.0 = Debug|Any CPU
		{BCA9A358-14A2-4BB6-9A13-00B08CD67A3D}.Release|Any CPU.ActiveCfg = Release|Any CPU
		{BCA9A358-14A2-4BB6-9A13-00B08CD67A3D}.Release|Any CPU.Build.0 = Release|Any CPU
	EndGlobalSection
	GlobalSection(SolutionProperties) = preSolution
		HideSolutionNode = FALSE
	EndGlobalSection
	GlobalSection(ExtensibilityGlobals) = postSolution
		SolutionGuid = {0DEE8326-2FB1-46C3-A093-2DD885364CAE}
	EndGlobalSection
EndGlobal
