
Microsoft Visual Studio Solution File, Format Version 12.00
# Visual Studio Version 17
VisualStudioVersion = 17.5.33627.172
MinimumVisualStudioVersion = 10.0.40219.1
Project("{FAE04EC0-301F-11D3-BF4B-00C04F79EFBC}") = "Path", "Path\Path.csproj", "{DDBE943D-28F2-40CE-B3CC-8355A353B725}"
EndProject
Global
	GlobalSection(SolutionConfigurationPlatforms) = preSolution
		Debug|Any CPU = Debug|Any CPU
		Release|Any CPU = Release|Any CPU
	EndGlobalSection
	GlobalSection(ProjectConfigurationPlatforms) = postSolution
		{DDBE943D-28F2-40CE-B3CC-8355A353B725}.Debug|Any CPU.ActiveCfg = Debug|Any CPU
		{DDBE943D-28F2-40CE-B3CC-8355A353B725}.Debug|Any CPU.Build.0 = Debug|Any CPU
		{DDBE943D-28F2-40CE-B3CC-8355A353B725}.Release|Any CPU.ActiveCfg = Release|Any CPU
		{DDBE943D-28F2-40CE-B3CC-8355A353B725}.Release|Any CPU.Build.0 = Release|Any CPU
	EndGlobalSection
	GlobalSection(SolutionProperties) = preSolution
		HideSolutionNode = FALSE
	EndGlobalSection
	GlobalSection(ExtensibilityGlobals) = postSolution
		SolutionGuid = {4A4D69C2-2600-4CB0-84DE-DF1AC4B4C708}
	EndGlobalSection
EndGlobal
